{
  "pins" : [
    {
      "identity" : "brfulltextsearch",
      "kind" : "remoteSourceControl",
      "location" : "https://github.com/rogerioth/BRFullTextSearch.git",
      "state" : {
        "revision" : "0a736156272fccc742be674d5a59e4c4910fd38b",
        "version" : "1.0.8"
      }
    }
  ],
  "version" : 2
}
