{
  "pins" : [
    {
      "identity" : "brfulltextsearch",
      "kind" : "remoteSourceControl",
      "location" : "https://github.com/rogerioth/BRFullTextSearch.git",
      "state" : {
        "revision" : "3d08342edecfd2528b383e7fc3860f6a60ccf24e",
        "version" : "1.0.5"
      }
    }
  ],
  "version" : 2
}
