{
  "pins" : [
    {
      "identity" : "brfulltextsearch",
      "kind" : "remoteSourceControl",
      "location" : "https://github.com/rogerioth/BRFullTextSearch.git",
      "state" : {
        "revision" : "29063332f1f7c4a60b9f6a22ea6fcd21968aa1b7",
        "version" : "1.0.7"
      }
    }
  ],
  "version" : 2
}
